
Microsoft Visual Studio Solution File, Format Version 12.00
# Visual Studio Version 17
VisualStudioVersion = 17.11.35222.181
MinimumVisualStudioVersion = 10.0.40219.1
Project("{2150E333-8FDC-42A3-9474-1A3956D46DE8}") = "Services", "Services", "{0AFA01E8-6F98-440C-94CE-5EB0B8AC8AD7}"
EndProject
Project("{2150E333-8FDC-42A3-9474-1A3956D46DE8}") = "Catalog", "Catalog", "{350D7C22-229B-4DD7-A281-1EEDEE54B304}"
EndProject
Project("{FAE04EC0-301F-11D3-BF4B-00C04F79EFBC}") = "Application", "Services\Catalog\Application\Application.csproj", "{649ACD6B-0E32-40CB-8730-B111DB337DCA}"
EndProject
Project("{FAE04EC0-301F-11D3-BF4B-00C04F79EFBC}") = "Domain", "Services\Catalog\Domain\Domain.csproj", "{4D35FE5A-C341-4564-BC16-787CBB3DD600}"
EndProject
Project("{FAE04EC0-301F-11D3-BF4B-00C04F79EFBC}") = "Persistence", "Services\Catalog\Persistence\Persistence.csproj", "{13CBF82B-8392-4E49-B80D-1890BCB45B4B}"
EndProject
Project("{FAE04EC0-301F-11D3-BF4B-00C04F79EFBC}") = "CatalogAPI", "Services\Catalog\CatalogAPI\CatalogAPI.csproj", "{B2AECC29-90AC-462C-BA94-C54F9E09A251}"
EndProject
Project("{2150E333-8FDC-42A3-9474-1A3956D46DE8}") = "Order", "Order", "{AED20A89-EB5E-475B-ADD8-F7E69751DFB8}"
EndProject
Project("{FAE04EC0-301F-11D3-BF4B-00C04F79EFBC}") = "Application", "Services\Order\Application\Application.csproj", "{D358E8E1-8AB1-4CA7-8CC0-D31C93736B62}"
EndProject
Project("{FAE04EC0-301F-11D3-BF4B-00C04F79EFBC}") = "Persistence", "Services\Order\Persistence\Persistence.csproj", "{2894AA76-3E6D-4712-AAB0-E57E1B03C22E}"
EndProject
Project("{FAE04EC0-301F-11D3-BF4B-00C04F79EFBC}") = "Domain", "Services\Order\Domain\Domain.csproj", "{A179E633-ADD3-4575-8020-73F58541B929}"
EndProject
Project("{FAE04EC0-301F-11D3-BF4B-00C04F79EFBC}") = "OrderAPI", "Services\Order\OrderAPI\OrderAPI.csproj", "{B29D24A1-C14C-4FEB-95F1-DEABE3E9B6E3}"
EndProject
Global
	GlobalSection(SolutionConfigurationPlatforms) = preSolution
		Debug|Any CPU = Debug|Any CPU
		Release|Any CPU = Release|Any CPU
	EndGlobalSection
	GlobalSection(ProjectConfigurationPlatforms) = postSolution
		{649ACD6B-0E32-40CB-8730-B111DB337DCA}.Debug|Any CPU.ActiveCfg = Debug|Any CPU
		{649ACD6B-0E32-40CB-8730-B111DB337DCA}.Debug|Any CPU.Build.0 = Debug|Any CPU
		{649ACD6B-0E32-40CB-8730-B111DB337DCA}.Release|Any CPU.ActiveCfg = Release|Any CPU
		{649ACD6B-0E32-40CB-8730-B111DB337DCA}.Release|Any CPU.Build.0 = Release|Any CPU
		{4D35FE5A-C341-4564-BC16-787CBB3DD600}.Debug|Any CPU.ActiveCfg = Debug|Any CPU
		{4D35FE5A-C341-4564-BC16-787CBB3DD600}.Debug|Any CPU.Build.0 = Debug|Any CPU
		{4D35FE5A-C341-4564-BC16-787CBB3DD600}.Release|Any CPU.ActiveCfg = Release|Any CPU
		{4D35FE5A-C341-4564-BC16-787CBB3DD600}.Release|Any CPU.Build.0 = Release|Any CPU
		{13CBF82B-8392-4E49-B80D-1890BCB45B4B}.Debug|Any CPU.ActiveCfg = Debug|Any CPU
		{13CBF82B-8392-4E49-B80D-1890BCB45B4B}.Debug|Any CPU.Build.0 = Debug|Any CPU
		{13CBF82B-8392-4E49-B80D-1890BCB45B4B}.Release|Any CPU.ActiveCfg = Release|Any CPU
		{13CBF82B-8392-4E49-B80D-1890BCB45B4B}.Release|Any CPU.Build.0 = Release|Any CPU
		{B2AECC29-90AC-462C-BA94-C54F9E09A251}.Debug|Any CPU.ActiveCfg = Debug|Any CPU
		{B2AECC29-90AC-462C-BA94-C54F9E09A251}.Debug|Any CPU.Build.0 = Debug|Any CPU
		{B2AECC29-90AC-462C-BA94-C54F9E09A251}.Release|Any CPU.ActiveCfg = Release|Any CPU
		{B2AECC29-90AC-462C-BA94-C54F9E09A251}.Release|Any CPU.Build.0 = Release|Any CPU
		{D358E8E1-8AB1-4CA7-8CC0-D31C93736B62}.Debug|Any CPU.ActiveCfg = Debug|Any CPU
		{D358E8E1-8AB1-4CA7-8CC0-D31C93736B62}.Debug|Any CPU.Build.0 = Debug|Any CPU
		{D358E8E1-8AB1-4CA7-8CC0-D31C93736B62}.Release|Any CPU.ActiveCfg = Release|Any CPU
		{D358E8E1-8AB1-4CA7-8CC0-D31C93736B62}.Release|Any CPU.Build.0 = Release|Any CPU
		{2894AA76-3E6D-4712-AAB0-E57E1B03C22E}.Debug|Any CPU.ActiveCfg = Debug|Any CPU
		{2894AA76-3E6D-4712-AAB0-E57E1B03C22E}.Debug|Any CPU.Build.0 = Debug|Any CPU
		{2894AA76-3E6D-4712-AAB0-E57E1B03C22E}.Release|Any CPU.ActiveCfg = Release|Any CPU
		{2894AA76-3E6D-4712-AAB0-E57E1B03C22E}.Release|Any CPU.Build.0 = Release|Any CPU
		{A179E633-ADD3-4575-8020-73F58541B929}.Debug|Any CPU.ActiveCfg = Debug|Any CPU
		{A179E633-ADD3-4575-8020-73F58541B929}.Debug|Any CPU.Build.0 = Debug|Any CPU
		{A179E633-ADD3-4575-8020-73F58541B929}.Release|Any CPU.ActiveCfg = Release|Any CPU
		{A179E633-ADD3-4575-8020-73F58541B929}.Release|Any CPU.Build.0 = Release|Any CPU
		{B29D24A1-C14C-4FEB-95F1-DEABE3E9B6E3}.Debug|Any CPU.ActiveCfg = Debug|Any CPU
		{B29D24A1-C14C-4FEB-95F1-DEABE3E9B6E3}.Debug|Any CPU.Build.0 = Debug|Any CPU
		{B29D24A1-C14C-4FEB-95F1-DEABE3E9B6E3}.Release|Any CPU.ActiveCfg = Release|Any CPU
		{B29D24A1-C14C-4FEB-95F1-DEABE3E9B6E3}.Release|Any CPU.Build.0 = Release|Any CPU
	EndGlobalSection
	GlobalSection(SolutionProperties) = preSolution
		HideSolutionNode = FALSE
	EndGlobalSection
	GlobalSection(NestedProjects) = preSolution
		{350D7C22-229B-4DD7-A281-1EEDEE54B304} = {0AFA01E8-6F98-440C-94CE-5EB0B8AC8AD7}
		{649ACD6B-0E32-40CB-8730-B111DB337DCA} = {350D7C22-229B-4DD7-A281-1EEDEE54B304}
		{4D35FE5A-C341-4564-BC16-787CBB3DD600} = {350D7C22-229B-4DD7-A281-1EEDEE54B304}
		{13CBF82B-8392-4E49-B80D-1890BCB45B4B} = {350D7C22-229B-4DD7-A281-1EEDEE54B304}
		{B2AECC29-90AC-462C-BA94-C54F9E09A251} = {350D7C22-229B-4DD7-A281-1EEDEE54B304}
		{AED20A89-EB5E-475B-ADD8-F7E69751DFB8} = {0AFA01E8-6F98-440C-94CE-5EB0B8AC8AD7}
		{D358E8E1-8AB1-4CA7-8CC0-D31C93736B62} = {AED20A89-EB5E-475B-ADD8-F7E69751DFB8}
		{2894AA76-3E6D-4712-AAB0-E57E1B03C22E} = {AED20A89-EB5E-475B-ADD8-F7E69751DFB8}
		{A179E633-ADD3-4575-8020-73F58541B929} = {AED20A89-EB5E-475B-ADD8-F7E69751DFB8}
		{B29D24A1-C14C-4FEB-95F1-DEABE3E9B6E3} = {AED20A89-EB5E-475B-ADD8-F7E69751DFB8}
	EndGlobalSection
	GlobalSection(ExtensibilityGlobals) = postSolution
		SolutionGuid = {54162011-9DA8-49B1-B903-029510C4E034}
	EndGlobalSection
EndGlobal
